
Microsoft Visual Studio Solution File, Format Version 11.00
# Visual Studio 2010
Project("{F184B08F-C81C-45F6-A57F-5ABD9991F28F}") = "SolitaireDJ", "SolitaireDJ\SolitaireDJ.vbproj", "{A04B28F2-7076-4291-8C32-A48D809D6F22}"
EndProject
Global
	GlobalSection(SolutionConfigurationPlatforms) = preSolution
		Debug|Any CPU = Debug|Any CPU
		Release|Any CPU = Release|Any CPU
	EndGlobalSection
	GlobalSection(ProjectConfigurationPlatforms) = postSolution
		{A04B28F2-7076-4291-8C32-A48D809D6F22}.Debug|Any CPU.ActiveCfg = Debug|Any CPU
		{A04B28F2-7076-4291-8C32-A48D809D6F22}.Debug|Any CPU.Build.0 = Debug|Any CPU
		{A04B28F2-7076-4291-8C32-A48D809D6F22}.Release|Any CPU.ActiveCfg = Release|Any CPU
		{A04B28F2-7076-4291-8C32-A48D809D6F22}.Release|Any CPU.Build.0 = Release|Any CPU
	EndGlobalSection
	GlobalSection(SolutionProperties) = preSolution
		HideSolutionNode = FALSE
	EndGlobalSection
EndGlobal
